
Microsoft Visual Studio Solution File, Format Version 12.00
# Visual Studio Version 16
VisualStudioVersion = 16.0.30611.23
MinimumVisualStudioVersion = 10.0.40219.1
Project("{FAE04EC0-301F-11D3-BF4B-00C04F79EFBC}") = "VeeamAkhrameev", "VeeamAkhrameev\VeeamAkhrameev.csproj", "{D671A0DC-E825-4B91-84C5-BE16F8141967}"
EndProject
Global
	GlobalSection(SolutionConfigurationPlatforms) = preSolution
		Debug|Any CPU = Debug|Any CPU
		Release|Any CPU = Release|Any CPU
	EndGlobalSection
	GlobalSection(ProjectConfigurationPlatforms) = postSolution
		{D671A0DC-E825-4B91-84C5-BE16F8141967}.Debug|Any CPU.ActiveCfg = Debug|Any CPU
		{D671A0DC-E825-4B91-84C5-BE16F8141967}.Debug|Any CPU.Build.0 = Debug|Any CPU
		{D671A0DC-E825-4B91-84C5-BE16F8141967}.Release|Any CPU.ActiveCfg = Release|Any CPU
		{D671A0DC-E825-4B91-84C5-BE16F8141967}.Release|Any CPU.Build.0 = Release|Any CPU
	EndGlobalSection
	GlobalSection(SolutionProperties) = preSolution
		HideSolutionNode = FALSE
	EndGlobalSection
	GlobalSection(ExtensibilityGlobals) = postSolution
		SolutionGuid = {24B965A5-19D8-46CF-8F30-572F1EA1C3F6}
	EndGlobalSection
EndGlobal
